
Microsoft Visual Studio Solution File, Format Version 10.00
# Visual Studio 2008
Project("{FAE04EC0-301F-11D3-BF4B-00C04F79EFBC}") = "UI.Client", "Client\UI.Client.csproj", "{7E36867C-423B-4C81-98DA-1BC9F31BD2FE}"
	ProjectSection(ProjectDependencies) = postProject
		{71264783-6865-4525-B43D-C04A4D996E94} = {71264783-6865-4525-B43D-C04A4D996E94}
	EndProjectSection
EndProject
Project("{FAE04EC0-301F-11D3-BF4B-00C04F79EFBC}") = "UI.Server", "Server\UI.Server.csproj", "{71264783-6865-4525-B43D-C04A4D996E94}"
EndProject
Project("{FAE04EC0-301F-11D3-BF4B-00C04F79EFBC}") = "UI.Data", "Data\UI.Data.csproj", "{AC9C4389-97C8-47B9-84F3-E5E4E32C5E73}"
EndProject
Project("{FAE04EC0-301F-11D3-BF4B-00C04F79EFBC}") = "Core", "..\..\Core\Core\Core.csproj", "{AD4B53AD-B28A-4E90-9483-D2F7C8E6D436}"
EndProject
Project("{FAE04EC0-301F-11D3-BF4B-00C04F79EFBC}") = "BusinessObjects", "..\..\Core\BusinessObjects\BusinessObjects.csproj", "{6E2451D8-DD5B-4B28-B84A-A652D539F8C0}"
EndProject
Project("{FAE04EC0-301F-11D3-BF4B-00C04F79EFBC}") = "Services.DataRetrieval", "..\..\Services\DataRetrieval\Services.DataRetrieval.csproj", "{65DAED92-326B-401D-BF05-526C6BD5409C}"
EndProject
Project("{FAE04EC0-301F-11D3-BF4B-00C04F79EFBC}") = "UI.WebPages", "WebPages\UI.WebPages.csproj", "{EFE6B61F-5B04-4890-B0E8-B4C4265297A7}"
EndProject
Project("{2150E333-8FDC-42A3-9474-1A3956D46DE8}") = "Core", "Core", "{C542B4FA-FF93-4784-8205-62D7160AE763}"
EndProject
Project("{2150E333-8FDC-42A3-9474-1A3956D46DE8}") = "Deployment", "Deployment", "{E5BDE7F2-0C8D-4CCA-8830-09F32E2D5652}"
EndProject
Project("{FAE04EC0-301F-11D3-BF4B-00C04F79EFBC}") = "UI.Deployment.Certificates", "Deployment\Certificates\UI.Deployment.Certificates.csproj", "{08730AF4-DE67-41B0-BCB1-3483D25E71D1}"
EndProject
Project("{FAE04EC0-301F-11D3-BF4B-00C04F79EFBC}") = "UI.Client.Pages", "Client.Pages\UI.Client.Pages.csproj", "{E3340E17-48E7-425A-ADA4-F59AB6812B1B}"
EndProject
Global
	GlobalSection(SolutionConfigurationPlatforms) = preSolution
		Debug|Any CPU = Debug|Any CPU
		Debug|Mixed Platforms = Debug|Mixed Platforms
		Debug|Win32 = Debug|Win32
		Demo|Any CPU = Demo|Any CPU
		Demo|Mixed Platforms = Demo|Mixed Platforms
		Demo|Win32 = Demo|Win32
		Production|Any CPU = Production|Any CPU
		Production|Mixed Platforms = Production|Mixed Platforms
		Production|Win32 = Production|Win32
		QA|Any CPU = QA|Any CPU
		QA|Mixed Platforms = QA|Mixed Platforms
		QA|Win32 = QA|Win32
		Release|Any CPU = Release|Any CPU
		Release|Mixed Platforms = Release|Mixed Platforms
		Release|Win32 = Release|Win32
		Seperia|Any CPU = Seperia|Any CPU
		Seperia|Mixed Platforms = Seperia|Mixed Platforms
		Seperia|Win32 = Seperia|Win32
	EndGlobalSection
	GlobalSection(ProjectConfigurationPlatforms) = postSolution
		{7E36867C-423B-4C81-98DA-1BC9F31BD2FE}.Debug|Any CPU.ActiveCfg = Debug|Any CPU
		{7E36867C-423B-4C81-98DA-1BC9F31BD2FE}.Debug|Any CPU.Build.0 = Debug|Any CPU
		{7E36867C-423B-4C81-98DA-1BC9F31BD2FE}.Debug|Mixed Platforms.ActiveCfg = Debug|Any CPU
		{7E36867C-423B-4C81-98DA-1BC9F31BD2FE}.Debug|Mixed Platforms.Build.0 = Debug|Any CPU
		{7E36867C-423B-4C81-98DA-1BC9F31BD2FE}.Debug|Win32.ActiveCfg = Debug|Any CPU
		{7E36867C-423B-4C81-98DA-1BC9F31BD2FE}.Demo|Any CPU.ActiveCfg = Demo|Any CPU
		{7E36867C-423B-4C81-98DA-1BC9F31BD2FE}.Demo|Any CPU.Build.0 = Demo|Any CPU
		{7E36867C-423B-4C81-98DA-1BC9F31BD2FE}.Demo|Mixed Platforms.ActiveCfg = Demo|Any CPU
		{7E36867C-423B-4C81-98DA-1BC9F31BD2FE}.Demo|Mixed Platforms.Build.0 = Demo|Any CPU
		{7E36867C-423B-4C81-98DA-1BC9F31BD2FE}.Demo|Win32.ActiveCfg = Demo|Any CPU
		{7E36867C-423B-4C81-98DA-1BC9F31BD2FE}.Production|Any CPU.ActiveCfg = Production|Any CPU
		{7E36867C-423B-4C81-98DA-1BC9F31BD2FE}.Production|Any CPU.Build.0 = Production|Any CPU
		{7E36867C-423B-4C81-98DA-1BC9F31BD2FE}.Production|Mixed Platforms.ActiveCfg = Production|Any CPU
		{7E36867C-423B-4C81-98DA-1BC9F31BD2FE}.Production|Mixed Platforms.Build.0 = Production|Any CPU
		{7E36867C-423B-4C81-98DA-1BC9F31BD2FE}.Production|Win32.ActiveCfg = Production|Any CPU
		{7E36867C-423B-4C81-98DA-1BC9F31BD2FE}.QA|Any CPU.ActiveCfg = Demo|Any CPU
		{7E36867C-423B-4C81-98DA-1BC9F31BD2FE}.QA|Mixed Platforms.ActiveCfg = QA|Any CPU
		{7E36867C-423B-4C81-98DA-1BC9F31BD2FE}.QA|Mixed Platforms.Build.0 = QA|Any CPU
		{7E36867C-423B-4C81-98DA-1BC9F31BD2FE}.QA|Win32.ActiveCfg = Demo|Any CPU
		{7E36867C-423B-4C81-98DA-1BC9F31BD2FE}.Release|Any CPU.ActiveCfg = Demo|Any CPU
		{7E36867C-423B-4C81-98DA-1BC9F31BD2FE}.Release|Any CPU.Build.0 = Demo|Any CPU
		{7E36867C-423B-4C81-98DA-1BC9F31BD2FE}.Release|Mixed Platforms.ActiveCfg = Demo|Any CPU
		{7E36867C-423B-4C81-98DA-1BC9F31BD2FE}.Release|Mixed Platforms.Build.0 = Demo|Any CPU
		{7E36867C-423B-4C81-98DA-1BC9F31BD2FE}.Release|Win32.ActiveCfg = Demo|Any CPU
		{7E36867C-423B-4C81-98DA-1BC9F31BD2FE}.Seperia|Any CPU.ActiveCfg = Seperia|Any CPU
		{7E36867C-423B-4C81-98DA-1BC9F31BD2FE}.Seperia|Any CPU.Build.0 = Seperia|Any CPU
		{7E36867C-423B-4C81-98DA-1BC9F31BD2FE}.Seperia|Mixed Platforms.ActiveCfg = Seperia|Any CPU
		{7E36867C-423B-4C81-98DA-1BC9F31BD2FE}.Seperia|Mixed Platforms.Build.0 = Seperia|Any CPU
		{7E36867C-423B-4C81-98DA-1BC9F31BD2FE}.Seperia|Win32.ActiveCfg = Seperia|Any CPU
		{71264783-6865-4525-B43D-C04A4D996E94}.Debug|Any CPU.ActiveCfg = Debug|Any CPU
		{71264783-6865-4525-B43D-C04A4D996E94}.Debug|Any CPU.Build.0 = Debug|Any CPU
		{71264783-6865-4525-B43D-C04A4D996E94}.Debug|Mixed Platforms.ActiveCfg = Debug|Any CPU
		{71264783-6865-4525-B43D-C04A4D996E94}.Debug|Mixed Platforms.Build.0 = Debug|Any CPU
		{71264783-6865-4525-B43D-C04A4D996E94}.Debug|Win32.ActiveCfg = Debug|Any CPU
		{71264783-6865-4525-B43D-C04A4D996E94}.Demo|Any CPU.ActiveCfg = Demo|Any CPU
		{71264783-6865-4525-B43D-C04A4D996E94}.Demo|Any CPU.Build.0 = Demo|Any CPU
		{71264783-6865-4525-B43D-C04A4D996E94}.Demo|Mixed Platforms.ActiveCfg = Demo|Any CPU
		{71264783-6865-4525-B43D-C04A4D996E94}.Demo|Mixed Platforms.Build.0 = Demo|Any CPU
		{71264783-6865-4525-B43D-C04A4D996E94}.Demo|Win32.ActiveCfg = Demo|Any CPU
		{71264783-6865-4525-B43D-C04A4D996E94}.Production|Any CPU.ActiveCfg = Production|Any CPU
		{71264783-6865-4525-B43D-C04A4D996E94}.Production|Any CPU.Build.0 = Production|Any CPU
		{71264783-6865-4525-B43D-C04A4D996E94}.Production|Mixed Platforms.ActiveCfg = Production|Any CPU
		{71264783-6865-4525-B43D-C04A4D996E94}.Production|Mixed Platforms.Build.0 = Production|Any CPU
		{71264783-6865-4525-B43D-C04A4D996E94}.Production|Win32.ActiveCfg = Production|Any CPU
		{71264783-6865-4525-B43D-C04A4D996E94}.QA|Any CPU.ActiveCfg = Demo|Any CPU
		{71264783-6865-4525-B43D-C04A4D996E94}.QA|Any CPU.Build.0 = Demo|Any CPU
		{71264783-6865-4525-B43D-C04A4D996E94}.QA|Mixed Platforms.ActiveCfg = Debug|Any CPU
		{71264783-6865-4525-B43D-C04A4D996E94}.QA|Mixed Platforms.Build.0 = Debug|Any CPU
		{71264783-6865-4525-B43D-C04A4D996E94}.QA|Win32.ActiveCfg = Demo|Any CPU
		{71264783-6865-4525-B43D-C04A4D996E94}.Release|Any CPU.ActiveCfg = Demo|Any CPU
		{71264783-6865-4525-B43D-C04A4D996E94}.Release|Any CPU.Build.0 = Demo|Any CPU
		{71264783-6865-4525-B43D-C04A4D996E94}.Release|Mixed Platforms.ActiveCfg = Demo|Any CPU
		{71264783-6865-4525-B43D-C04A4D996E94}.Release|Mixed Platforms.Build.0 = Demo|Any CPU
		{71264783-6865-4525-B43D-C04A4D996E94}.Release|Win32.ActiveCfg = Demo|Any CPU
		{71264783-6865-4525-B43D-C04A4D996E94}.Seperia|Any CPU.ActiveCfg = Seperia|Any CPU
		{71264783-6865-4525-B43D-C04A4D996E94}.Seperia|Any CPU.Build.0 = Seperia|Any CPU
		{71264783-6865-4525-B43D-C04A4D996E94}.Seperia|Mixed Platforms.ActiveCfg = Seperia|Any CPU
		{71264783-6865-4525-B43D-C04A4D996E94}.Seperia|Mixed Platforms.Build.0 = Seperia|Any CPU
		{71264783-6865-4525-B43D-C04A4D996E94}.Seperia|Win32.ActiveCfg = Seperia|Any CPU
		{AC9C4389-97C8-47B9-84F3-E5E4E32C5E73}.Debug|Any CPU.ActiveCfg = Debug|Any CPU
		{AC9C4389-97C8-47B9-84F3-E5E4E32C5E73}.Debug|Any CPU.Build.0 = Debug|Any CPU
		{AC9C4389-97C8-47B9-84F3-E5E4E32C5E73}.Debug|Mixed Platforms.ActiveCfg = Debug|Any CPU
		{AC9C4389-97C8-47B9-84F3-E5E4E32C5E73}.Debug|Mixed Platforms.Build.0 = Debug|Any CPU
		{AC9C4389-97C8-47B9-84F3-E5E4E32C5E73}.Debug|Win32.ActiveCfg = Debug|Any CPU
		{AC9C4389-97C8-47B9-84F3-E5E4E32C5E73}.Demo|Any CPU.ActiveCfg = Release|Any CPU
		{AC9C4389-97C8-47B9-84F3-E5E4E32C5E73}.Demo|Any CPU.Build.0 = Release|Any CPU
		{AC9C4389-97C8-47B9-84F3-E5E4E32C5E73}.Demo|Mixed Platforms.ActiveCfg = Release|Any CPU
		{AC9C4389-97C8-47B9-84F3-E5E4E32C5E73}.Demo|Mixed Platforms.Build.0 = Release|Any CPU
		{AC9C4389-97C8-47B9-84F3-E5E4E32C5E73}.Demo|Win32.ActiveCfg = Debug|Any CPU
		{AC9C4389-97C8-47B9-84F3-E5E4E32C5E73}.Production|Any CPU.ActiveCfg = Release|Any CPU
		{AC9C4389-97C8-47B9-84F3-E5E4E32C5E73}.Production|Any CPU.Build.0 = Release|Any CPU
		{AC9C4389-97C8-47B9-84F3-E5E4E32C5E73}.Production|Mixed Platforms.ActiveCfg = Release|Any CPU
		{AC9C4389-97C8-47B9-84F3-E5E4E32C5E73}.Production|Mixed Platforms.Build.0 = Release|Any CPU
		{AC9C4389-97C8-47B9-84F3-E5E4E32C5E73}.Production|Win32.ActiveCfg = Release|Any CPU
		{AC9C4389-97C8-47B9-84F3-E5E4E32C5E73}.QA|Any CPU.ActiveCfg = Release|Any CPU
		{AC9C4389-97C8-47B9-84F3-E5E4E32C5E73}.QA|Any CPU.Build.0 = Release|Any CPU
		{AC9C4389-97C8-47B9-84F3-E5E4E32C5E73}.QA|Mixed Platforms.ActiveCfg = Debug|Any CPU
		{AC9C4389-97C8-47B9-84F3-E5E4E32C5E73}.QA|Mixed Platforms.Build.0 = Debug|Any CPU
		{AC9C4389-97C8-47B9-84F3-E5E4E32C5E73}.QA|Win32.ActiveCfg = Release|Any CPU
		{AC9C4389-97C8-47B9-84F3-E5E4E32C5E73}.Release|Any CPU.ActiveCfg = Release|Any CPU
		{AC9C4389-97C8-47B9-84F3-E5E4E32C5E73}.Release|Any CPU.Build.0 = Release|Any CPU
		{AC9C4389-97C8-47B9-84F3-E5E4E32C5E73}.Release|Mixed Platforms.ActiveCfg = Release|Any CPU
		{AC9C4389-97C8-47B9-84F3-E5E4E32C5E73}.Release|Mixed Platforms.Build.0 = Release|Any CPU
		{AC9C4389-97C8-47B9-84F3-E5E4E32C5E73}.Release|Win32.ActiveCfg = Release|Any CPU
		{AC9C4389-97C8-47B9-84F3-E5E4E32C5E73}.Seperia|Any CPU.ActiveCfg = Release|Any CPU
		{AC9C4389-97C8-47B9-84F3-E5E4E32C5E73}.Seperia|Any CPU.Build.0 = Release|Any CPU
		{AC9C4389-97C8-47B9-84F3-E5E4E32C5E73}.Seperia|Mixed Platforms.ActiveCfg = Release|Any CPU
		{AC9C4389-97C8-47B9-84F3-E5E4E32C5E73}.Seperia|Mixed Platforms.Build.0 = Release|Any CPU
		{AC9C4389-97C8-47B9-84F3-E5E4E32C5E73}.Seperia|Win32.ActiveCfg = Release|Any CPU
		{AD4B53AD-B28A-4E90-9483-D2F7C8E6D436}.Debug|Any CPU.ActiveCfg = Debug|Any CPU
		{AD4B53AD-B28A-4E90-9483-D2F7C8E6D436}.Debug|Any CPU.Build.0 = Debug|Any CPU
		{AD4B53AD-B28A-4E90-9483-D2F7C8E6D436}.Debug|Mixed Platforms.ActiveCfg = Debug|Any CPU
		{AD4B53AD-B28A-4E90-9483-D2F7C8E6D436}.Debug|Mixed Platforms.Build.0 = Debug|Any CPU
		{AD4B53AD-B28A-4E90-9483-D2F7C8E6D436}.Debug|Win32.ActiveCfg = Debug|Any CPU
		{AD4B53AD-B28A-4E90-9483-D2F7C8E6D436}.Demo|Any CPU.ActiveCfg = Release|Any CPU
		{AD4B53AD-B28A-4E90-9483-D2F7C8E6D436}.Demo|Any CPU.Build.0 = Release|Any CPU
		{AD4B53AD-B28A-4E90-9483-D2F7C8E6D436}.Demo|Mixed Platforms.ActiveCfg = Release|Any CPU
		{AD4B53AD-B28A-4E90-9483-D2F7C8E6D436}.Demo|Mixed Platforms.Build.0 = Release|Any CPU
		{AD4B53AD-B28A-4E90-9483-D2F7C8E6D436}.Demo|Win32.ActiveCfg = Debug|Any CPU
		{AD4B53AD-B28A-4E90-9483-D2F7C8E6D436}.Production|Any CPU.ActiveCfg = Release|Any CPU
		{AD4B53AD-B28A-4E90-9483-D2F7C8E6D436}.Production|Any CPU.Build.0 = Release|Any CPU
		{AD4B53AD-B28A-4E90-9483-D2F7C8E6D436}.Production|Mixed Platforms.ActiveCfg = Release|Any CPU
		{AD4B53AD-B28A-4E90-9483-D2F7C8E6D436}.Production|Mixed Platforms.Build.0 = Release|Any CPU
		{AD4B53AD-B28A-4E90-9483-D2F7C8E6D436}.Production|Win32.ActiveCfg = Release|Any CPU
		{AD4B53AD-B28A-4E90-9483-D2F7C8E6D436}.QA|Any CPU.ActiveCfg = Release|Any CPU
		{AD4B53AD-B28A-4E90-9483-D2F7C8E6D436}.QA|Any CPU.Build.0 = Release|Any CPU
		{AD4B53AD-B28A-4E90-9483-D2F7C8E6D436}.QA|Mixed Platforms.ActiveCfg = Debug|Any CPU
		{AD4B53AD-B28A-4E90-9483-D2F7C8E6D436}.QA|Mixed Platforms.Build.0 = Debug|Any CPU
		{AD4B53AD-B28A-4E90-9483-D2F7C8E6D436}.QA|Win32.ActiveCfg = Release|Any CPU
		{AD4B53AD-B28A-4E90-9483-D2F7C8E6D436}.Release|Any CPU.ActiveCfg = Release|Any CPU
		{AD4B53AD-B28A-4E90-9483-D2F7C8E6D436}.Release|Any CPU.Build.0 = Release|Any CPU
		{AD4B53AD-B28A-4E90-9483-D2F7C8E6D436}.Release|Mixed Platforms.ActiveCfg = Release|Any CPU
		{AD4B53AD-B28A-4E90-9483-D2F7C8E6D436}.Release|Mixed Platforms.Build.0 = Release|Any CPU
		{AD4B53AD-B28A-4E90-9483-D2F7C8E6D436}.Release|Win32.ActiveCfg = Release|Any CPU
		{AD4B53AD-B28A-4E90-9483-D2F7C8E6D436}.Seperia|Any CPU.ActiveCfg = Release|Any CPU
		{AD4B53AD-B28A-4E90-9483-D2F7C8E6D436}.Seperia|Any CPU.Build.0 = Release|Any CPU
		{AD4B53AD-B28A-4E90-9483-D2F7C8E6D436}.Seperia|Mixed Platforms.ActiveCfg = Release|Any CPU
		{AD4B53AD-B28A-4E90-9483-D2F7C8E6D436}.Seperia|Mixed Platforms.Build.0 = Release|Any CPU
		{AD4B53AD-B28A-4E90-9483-D2F7C8E6D436}.Seperia|Win32.ActiveCfg = Release|Any CPU
		{6E2451D8-DD5B-4B28-B84A-A652D539F8C0}.Debug|Any CPU.ActiveCfg = Debug|Any CPU
		{6E2451D8-DD5B-4B28-B84A-A652D539F8C0}.Debug|Any CPU.Build.0 = Debug|Any CPU
		{6E2451D8-DD5B-4B28-B84A-A652D539F8C0}.Debug|Mixed Platforms.ActiveCfg = Debug|Any CPU
		{6E2451D8-DD5B-4B28-B84A-A652D539F8C0}.Debug|Mixed Platforms.Build.0 = Debug|Any CPU
		{6E2451D8-DD5B-4B28-B84A-A652D539F8C0}.Debug|Win32.ActiveCfg = Debug|Any CPU
		{6E2451D8-DD5B-4B28-B84A-A652D539F8C0}.Demo|Any CPU.ActiveCfg = Release|Any CPU
		{6E2451D8-DD5B-4B28-B84A-A652D539F8C0}.Demo|Any CPU.Build.0 = Release|Any CPU
		{6E2451D8-DD5B-4B28-B84A-A652D539F8C0}.Demo|Mixed Platforms.ActiveCfg = Release|Any CPU
		{6E2451D8-DD5B-4B28-B84A-A652D539F8C0}.Demo|Mixed Platforms.Build.0 = Release|Any CPU
		{6E2451D8-DD5B-4B28-B84A-A652D539F8C0}.Demo|Win32.ActiveCfg = Debug|Any CPU
		{6E2451D8-DD5B-4B28-B84A-A652D539F8C0}.Production|Any CPU.ActiveCfg = Release|Any CPU
		{6E2451D8-DD5B-4B28-B84A-A652D539F8C0}.Production|Any CPU.Build.0 = Release|Any CPU
		{6E2451D8-DD5B-4B28-B84A-A652D539F8C0}.Production|Mixed Platforms.ActiveCfg = Release|Any CPU
		{6E2451D8-DD5B-4B28-B84A-A652D539F8C0}.Production|Mixed Platforms.Build.0 = Release|Any CPU
		{6E2451D8-DD5B-4B28-B84A-A652D539F8C0}.Production|Win32.ActiveCfg = Release|Any CPU
		{6E2451D8-DD5B-4B28-B84A-A652D539F8C0}.QA|Any CPU.ActiveCfg = Release|Any CPU
		{6E2451D8-DD5B-4B28-B84A-A652D539F8C0}.QA|Any CPU.Build.0 = Release|Any CPU
		{6E2451D8-DD5B-4B28-B84A-A652D539F8C0}.QA|Mixed Platforms.ActiveCfg = Debug|Any CPU
		{6E2451D8-DD5B-4B28-B84A-A652D539F8C0}.QA|Mixed Platforms.Build.0 = Debug|Any CPU
		{6E2451D8-DD5B-4B28-B84A-A652D539F8C0}.QA|Win32.ActiveCfg = Release|Any CPU
		{6E2451D8-DD5B-4B28-B84A-A652D539F8C0}.Release|Any CPU.ActiveCfg = Release|Any CPU
		{6E2451D8-DD5B-4B28-B84A-A652D539F8C0}.Release|Any CPU.Build.0 = Release|Any CPU
		{6E2451D8-DD5B-4B28-B84A-A652D539F8C0}.Release|Mixed Platforms.ActiveCfg = Release|Any CPU
		{6E2451D8-DD5B-4B28-B84A-A652D539F8C0}.Release|Mixed Platforms.Build.0 = Release|Any CPU
		{6E2451D8-DD5B-4B28-B84A-A652D539F8C0}.Release|Win32.ActiveCfg = Release|Any CPU
		{6E2451D8-DD5B-4B28-B84A-A652D539F8C0}.Seperia|Any CPU.ActiveCfg = Release|Any CPU
		{6E2451D8-DD5B-4B28-B84A-A652D539F8C0}.Seperia|Any CPU.Build.0 = Release|Any CPU
		{6E2451D8-DD5B-4B28-B84A-A652D539F8C0}.Seperia|Mixed Platforms.ActiveCfg = Release|Any CPU
		{6E2451D8-DD5B-4B28-B84A-A652D539F8C0}.Seperia|Mixed Platforms.Build.0 = Release|Any CPU
		{6E2451D8-DD5B-4B28-B84A-A652D539F8C0}.Seperia|Win32.ActiveCfg = Release|Any CPU
		{65DAED92-326B-401D-BF05-526C6BD5409C}.Debug|Any CPU.ActiveCfg = Debug|Any CPU
		{65DAED92-326B-401D-BF05-526C6BD5409C}.Debug|Any CPU.Build.0 = Debug|Any CPU
		{65DAED92-326B-401D-BF05-526C6BD5409C}.Debug|Mixed Platforms.ActiveCfg = Debug|Any CPU
		{65DAED92-326B-401D-BF05-526C6BD5409C}.Debug|Mixed Platforms.Build.0 = Debug|Any CPU
		{65DAED92-326B-401D-BF05-526C6BD5409C}.Debug|Win32.ActiveCfg = Debug|Any CPU
		{65DAED92-326B-401D-BF05-526C6BD5409C}.Demo|Any CPU.ActiveCfg = Release|Any CPU
		{65DAED92-326B-401D-BF05-526C6BD5409C}.Demo|Any CPU.Build.0 = Release|Any CPU
		{65DAED92-326B-401D-BF05-526C6BD5409C}.Demo|Mixed Platforms.ActiveCfg = Release|Any CPU
		{65DAED92-326B-401D-BF05-526C6BD5409C}.Demo|Mixed Platforms.Build.0 = Release|Any CPU
		{65DAED92-326B-401D-BF05-526C6BD5409C}.Demo|Win32.ActiveCfg = Debug|Any CPU
		{65DAED92-326B-401D-BF05-526C6BD5409C}.Production|Any CPU.ActiveCfg = Release|Any CPU
		{65DAED92-326B-401D-BF05-526C6BD5409C}.Production|Any CPU.Build.0 = Release|Any CPU
		{65DAED92-326B-401D-BF05-526C6BD5409C}.Production|Mixed Platforms.ActiveCfg = Release|Any CPU
		{65DAED92-326B-401D-BF05-526C6BD5409C}.Production|Mixed Platforms.Build.0 = Release|Any CPU
		{65DAED92-326B-401D-BF05-526C6BD5409C}.Production|Win32.ActiveCfg = Release|Any CPU
		{65DAED92-326B-401D-BF05-526C6BD5409C}.QA|Any CPU.ActiveCfg = Release|Any CPU
		{65DAED92-326B-401D-BF05-526C6BD5409C}.QA|Any CPU.Build.0 = Release|Any CPU
		{65DAED92-326B-401D-BF05-526C6BD5409C}.QA|Mixed Platforms.ActiveCfg = Debug|Any CPU
		{65DAED92-326B-401D-BF05-526C6BD5409C}.QA|Mixed Platforms.Build.0 = Debug|Any CPU
		{65DAED92-326B-401D-BF05-526C6BD5409C}.QA|Win32.ActiveCfg = Release|Any CPU
		{65DAED92-326B-401D-BF05-526C6BD5409C}.Release|Any CPU.ActiveCfg = Release|Any CPU
		{65DAED92-326B-401D-BF05-526C6BD5409C}.Release|Any CPU.Build.0 = Release|Any CPU
		{65DAED92-326B-401D-BF05-526C6BD5409C}.Release|Mixed Platforms.ActiveCfg = Release|Any CPU
		{65DAED92-326B-401D-BF05-526C6BD5409C}.Release|Mixed Platforms.Build.0 = Release|Any CPU
		{65DAED92-326B-401D-BF05-526C6BD5409C}.Release|Win32.ActiveCfg = Release|Any CPU
		{65DAED92-326B-401D-BF05-526C6BD5409C}.Seperia|Any CPU.ActiveCfg = Release|Any CPU
		{65DAED92-326B-401D-BF05-526C6BD5409C}.Seperia|Any CPU.Build.0 = Release|Any CPU
		{65DAED92-326B-401D-BF05-526C6BD5409C}.Seperia|Mixed Platforms.ActiveCfg = Release|Any CPU
		{65DAED92-326B-401D-BF05-526C6BD5409C}.Seperia|Mixed Platforms.Build.0 = Release|Any CPU
		{65DAED92-326B-401D-BF05-526C6BD5409C}.Seperia|Win32.ActiveCfg = Release|Any CPU
		{EFE6B61F-5B04-4890-B0E8-B4C4265297A7}.Debug|Any CPU.ActiveCfg = Debug|Any CPU
		{EFE6B61F-5B04-4890-B0E8-B4C4265297A7}.Debug|Any CPU.Build.0 = Debug|Any CPU
		{EFE6B61F-5B04-4890-B0E8-B4C4265297A7}.Debug|Mixed Platforms.ActiveCfg = Debug|Any CPU
		{EFE6B61F-5B04-4890-B0E8-B4C4265297A7}.Debug|Mixed Platforms.Build.0 = Debug|Any CPU
		{EFE6B61F-5B04-4890-B0E8-B4C4265297A7}.Debug|Win32.ActiveCfg = Debug|Any CPU
		{EFE6B61F-5B04-4890-B0E8-B4C4265297A7}.Demo|Any CPU.ActiveCfg = Release|Any CPU
		{EFE6B61F-5B04-4890-B0E8-B4C4265297A7}.Demo|Any CPU.Build.0 = Release|Any CPU
		{EFE6B61F-5B04-4890-B0E8-B4C4265297A7}.Demo|Mixed Platforms.ActiveCfg = Release|Any CPU
		{EFE6B61F-5B04-4890-B0E8-B4C4265297A7}.Demo|Mixed Platforms.Build.0 = Release|Any CPU
		{EFE6B61F-5B04-4890-B0E8-B4C4265297A7}.Demo|Win32.ActiveCfg = Debug|Any CPU
		{EFE6B61F-5B04-4890-B0E8-B4C4265297A7}.Production|Any CPU.ActiveCfg = Release|Any CPU
		{EFE6B61F-5B04-4890-B0E8-B4C4265297A7}.Production|Any CPU.Build.0 = Release|Any CPU
		{EFE6B61F-5B04-4890-B0E8-B4C4265297A7}.Production|Mixed Platforms.ActiveCfg = Release|Any CPU
		{EFE6B61F-5B04-4890-B0E8-B4C4265297A7}.Production|Mixed Platforms.Build.0 = Release|Any CPU
		{EFE6B61F-5B04-4890-B0E8-B4C4265297A7}.Production|Win32.ActiveCfg = Release|Any CPU
		{EFE6B61F-5B04-4890-B0E8-B4C4265297A7}.QA|Any CPU.ActiveCfg = Release|Any CPU
		{EFE6B61F-5B04-4890-B0E8-B4C4265297A7}.QA|Any CPU.Build.0 = Release|Any CPU
		{EFE6B61F-5B04-4890-B0E8-B4C4265297A7}.QA|Mixed Platforms.ActiveCfg = Release|Any CPU
		{EFE6B61F-5B04-4890-B0E8-B4C4265297A7}.QA|Win32.ActiveCfg = Release|Any CPU
		{EFE6B61F-5B04-4890-B0E8-B4C4265297A7}.Release|Any CPU.ActiveCfg = Release|Any CPU
		{EFE6B61F-5B04-4890-B0E8-B4C4265297A7}.Release|Any CPU.Build.0 = Release|Any CPU
		{EFE6B61F-5B04-4890-B0E8-B4C4265297A7}.Release|Mixed Platforms.ActiveCfg = Release|Any CPU
		{EFE6B61F-5B04-4890-B0E8-B4C4265297A7}.Release|Mixed Platforms.Build.0 = Release|Any CPU
		{EFE6B61F-5B04-4890-B0E8-B4C4265297A7}.Release|Win32.ActiveCfg = Release|Any CPU
		{EFE6B61F-5B04-4890-B0E8-B4C4265297A7}.Seperia|Any CPU.ActiveCfg = Release|Any CPU
		{EFE6B61F-5B04-4890-B0E8-B4C4265297A7}.Seperia|Any CPU.Build.0 = Release|Any CPU
		{EFE6B61F-5B04-4890-B0E8-B4C4265297A7}.Seperia|Mixed Platforms.ActiveCfg = Release|Any CPU
		{EFE6B61F-5B04-4890-B0E8-B4C4265297A7}.Seperia|Mixed Platforms.Build.0 = Release|Any CPU
		{EFE6B61F-5B04-4890-B0E8-B4C4265297A7}.Seperia|Win32.ActiveCfg = Release|Any CPU
		{08730AF4-DE67-41B0-BCB1-3483D25E71D1}.Debug|Any CPU.ActiveCfg = Debug|Any CPU
		{08730AF4-DE67-41B0-BCB1-3483D25E71D1}.Debug|Any CPU.Build.0 = Debug|Any CPU
		{08730AF4-DE67-41B0-BCB1-3483D25E71D1}.Debug|Mixed Platforms.ActiveCfg = Debug|Any CPU
		{08730AF4-DE67-41B0-BCB1-3483D25E71D1}.Debug|Mixed Platforms.Build.0 = Debug|Any CPU
		{08730AF4-DE67-41B0-BCB1-3483D25E71D1}.Debug|Win32.ActiveCfg = Debug|Any CPU
		{08730AF4-DE67-41B0-BCB1-3483D25E71D1}.Demo|Any CPU.ActiveCfg = Release|Any CPU
		{08730AF4-DE67-41B0-BCB1-3483D25E71D1}.Demo|Any CPU.Build.0 = Release|Any CPU
		{08730AF4-DE67-41B0-BCB1-3483D25E71D1}.Demo|Mixed Platforms.ActiveCfg = Release|Any CPU
		{08730AF4-DE67-41B0-BCB1-3483D25E71D1}.Demo|Mixed Platforms.Build.0 = Release|Any CPU
		{08730AF4-DE67-41B0-BCB1-3483D25E71D1}.Demo|Win32.ActiveCfg = Debug|Any CPU
		{08730AF4-DE67-41B0-BCB1-3483D25E71D1}.Production|Any CPU.ActiveCfg = Release|Any CPU
		{08730AF4-DE67-41B0-BCB1-3483D25E71D1}.Production|Any CPU.Build.0 = Release|Any CPU
		{08730AF4-DE67-41B0-BCB1-3483D25E71D1}.Production|Mixed Platforms.ActiveCfg = Release|Any CPU
		{08730AF4-DE67-41B0-BCB1-3483D25E71D1}.Production|Mixed Platforms.Build.0 = Release|Any CPU
		{08730AF4-DE67-41B0-BCB1-3483D25E71D1}.Production|Win32.ActiveCfg = Release|Any CPU
		{08730AF4-DE67-41B0-BCB1-3483D25E71D1}.QA|Any CPU.ActiveCfg = Release|Any CPU
		{08730AF4-DE67-41B0-BCB1-3483D25E71D1}.QA|Any CPU.Build.0 = Release|Any CPU
		{08730AF4-DE67-41B0-BCB1-3483D25E71D1}.QA|Mixed Platforms.ActiveCfg = Release|Any CPU
		{08730AF4-DE67-41B0-BCB1-3483D25E71D1}.QA|Win32.ActiveCfg = Release|Any CPU
		{08730AF4-DE67-41B0-BCB1-3483D25E71D1}.Release|Any CPU.ActiveCfg = Release|Any CPU
		{08730AF4-DE67-41B0-BCB1-3483D25E71D1}.Release|Any CPU.Build.0 = Release|Any CPU
		{08730AF4-DE67-41B0-BCB1-3483D25E71D1}.Release|Mixed Platforms.ActiveCfg = Release|Any CPU
		{08730AF4-DE67-41B0-BCB1-3483D25E71D1}.Release|Mixed Platforms.Build.0 = Release|Any CPU
		{08730AF4-DE67-41B0-BCB1-3483D25E71D1}.Release|Win32.ActiveCfg = Release|Any CPU
		{08730AF4-DE67-41B0-BCB1-3483D25E71D1}.Seperia|Any CPU.ActiveCfg = Release|Any CPU
		{08730AF4-DE67-41B0-BCB1-3483D25E71D1}.Seperia|Any CPU.Build.0 = Release|Any CPU
		{08730AF4-DE67-41B0-BCB1-3483D25E71D1}.Seperia|Mixed Platforms.ActiveCfg = Release|Any CPU
		{08730AF4-DE67-41B0-BCB1-3483D25E71D1}.Seperia|Mixed Platforms.Build.0 = Release|Any CPU
		{08730AF4-DE67-41B0-BCB1-3483D25E71D1}.Seperia|Win32.ActiveCfg = Release|Any CPU
		{E3340E17-48E7-425A-ADA4-F59AB6812B1B}.Debug|Any CPU.ActiveCfg = Debug|Any CPU
		{E3340E17-48E7-425A-ADA4-F59AB6812B1B}.Debug|Any CPU.Build.0 = Debug|Any CPU
		{E3340E17-48E7-425A-ADA4-F59AB6812B1B}.Debug|Mixed Platforms.ActiveCfg = Debug|Any CPU
		{E3340E17-48E7-425A-ADA4-F59AB6812B1B}.Debug|Mixed Platforms.Build.0 = Debug|Any CPU
		{E3340E17-48E7-425A-ADA4-F59AB6812B1B}.Debug|Win32.ActiveCfg = Debug|Any CPU
		{E3340E17-48E7-425A-ADA4-F59AB6812B1B}.Demo|Any CPU.ActiveCfg = Debug|Any CPU
		{E3340E17-48E7-425A-ADA4-F59AB6812B1B}.Demo|Any CPU.Build.0 = Debug|Any CPU
		{E3340E17-48E7-425A-ADA4-F59AB6812B1B}.Demo|Mixed Platforms.ActiveCfg = Debug|Any CPU
		{E3340E17-48E7-425A-ADA4-F59AB6812B1B}.Demo|Mixed Platforms.Build.0 = Debug|Any CPU
		{E3340E17-48E7-425A-ADA4-F59AB6812B1B}.Demo|Win32.ActiveCfg = Debug|Any CPU
		{E3340E17-48E7-425A-ADA4-F59AB6812B1B}.Production|Any CPU.ActiveCfg = Release|Any CPU
		{E3340E17-48E7-425A-ADA4-F59AB6812B1B}.Production|Any CPU.Build.0 = Release|Any CPU
		{E3340E17-48E7-425A-ADA4-F59AB6812B1B}.Production|Mixed Platforms.ActiveCfg = Release|Any CPU
		{E3340E17-48E7-425A-ADA4-F59AB6812B1B}.Production|Mixed Platforms.Build.0 = Release|Any CPU
		{E3340E17-48E7-425A-ADA4-F59AB6812B1B}.Production|Win32.ActiveCfg = Release|Any CPU
		{E3340E17-48E7-425A-ADA4-F59AB6812B1B}.QA|Any CPU.ActiveCfg = Release|Any CPU
		{E3340E17-48E7-425A-ADA4-F59AB6812B1B}.QA|Any CPU.Build.0 = Release|Any CPU
		{E3340E17-48E7-425A-ADA4-F59AB6812B1B}.QA|Mixed Platforms.ActiveCfg = Debug|Any CPU
		{E3340E17-48E7-425A-ADA4-F59AB6812B1B}.QA|Mixed Platforms.Build.0 = Debug|Any CPU
		{E3340E17-48E7-425A-ADA4-F59AB6812B1B}.QA|Win32.ActiveCfg = Release|Any CPU
		{E3340E17-48E7-425A-ADA4-F59AB6812B1B}.Release|Any CPU.ActiveCfg = Release|Any CPU
		{E3340E17-48E7-425A-ADA4-F59AB6812B1B}.Release|Any CPU.Build.0 = Release|Any CPU
		{E3340E17-48E7-425A-ADA4-F59AB6812B1B}.Release|Mixed Platforms.ActiveCfg = Release|Any CPU
		{E3340E17-48E7-425A-ADA4-F59AB6812B1B}.Release|Mixed Platforms.Build.0 = Release|Any CPU
		{E3340E17-48E7-425A-ADA4-F59AB6812B1B}.Release|Win32.ActiveCfg = Release|Any CPU
		{E3340E17-48E7-425A-ADA4-F59AB6812B1B}.Seperia|Any CPU.ActiveCfg = Release|Any CPU
		{E3340E17-48E7-425A-ADA4-F59AB6812B1B}.Seperia|Any CPU.Build.0 = Release|Any CPU
		{E3340E17-48E7-425A-ADA4-F59AB6812B1B}.Seperia|Mixed Platforms.ActiveCfg = Release|Any CPU
		{E3340E17-48E7-425A-ADA4-F59AB6812B1B}.Seperia|Mixed Platforms.Build.0 = Release|Any CPU
		{E3340E17-48E7-425A-ADA4-F59AB6812B1B}.Seperia|Win32.ActiveCfg = Release|Any CPU
	EndGlobalSection
	GlobalSection(SolutionProperties) = preSolution
		HideSolutionNode = FALSE
	EndGlobalSection
	GlobalSection(NestedProjects) = preSolution
		{6E2451D8-DD5B-4B28-B84A-A652D539F8C0} = {C542B4FA-FF93-4784-8205-62D7160AE763}
		{65DAED92-326B-401D-BF05-526C6BD5409C} = {C542B4FA-FF93-4784-8205-62D7160AE763}
		{AD4B53AD-B28A-4E90-9483-D2F7C8E6D436} = {C542B4FA-FF93-4784-8205-62D7160AE763}
		{08730AF4-DE67-41B0-BCB1-3483D25E71D1} = {E5BDE7F2-0C8D-4CCA-8830-09F32E2D5652}
	EndGlobalSection
EndGlobal
