
Microsoft Visual Studio Solution File, Format Version 11.00
# Visual Studio 2010
Project("{FAE04EC0-301F-11D3-BF4B-00C04F79EFBC}") = "Core", "..\Core\Core\Core.csproj", "{AD4B53AD-B28A-4E90-9483-D2F7C8E6D436}"
EndProject
Project("{FAE04EC0-301F-11D3-BF4B-00C04F79EFBC}") = "EdgeServiceHost", "..\Applications\EdgeServiceHost\EdgeServiceHost.csproj", "{C1D17284-15C6-4CEC-AF35-D84CC8D5CCA0}"
EndProject
Project("{FAE04EC0-301F-11D3-BF4B-00C04F79EFBC}") = "EdgeBI.Wizards", "EdgeBI.Wizards\EdgeBI.Wizards.csproj", "{8485D1C5-BFFF-4A48-AD8E-224CBA161265}"
EndProject
Project("{FAE04EC0-301F-11D3-BF4B-00C04F79EFBC}") = "EdgeBI.Wizards.AccountWizard", "EdgeBI.Wizards.AccountWizard\EdgeBI.Wizards.AccountWizard.csproj", "{C556C7D8-704C-47C8-BC45-F4DCB79704D7}"
EndProject
Project("{FAE04EC0-301F-11D3-BF4B-00C04F79EFBC}") = "EdgeBI.Wizards.Utils.WizardTester", "EdgeBI.Wizards.Utils.WizardTester\EdgeBI.Wizards.Utils.WizardTester.csproj", "{846562A5-F415-431E-952C-F47EC038AF9D}"
EndProject
Project("{2150E333-8FDC-42A3-9474-1A3956D46DE8}") = "General", "General", "{7BCE4B57-8DB3-4738-8B39-6B43CD4DF5C2}"
EndProject
Global
	GlobalSection(SolutionConfigurationPlatforms) = preSolution
		Debug|Any CPU = Debug|Any CPU
		Debug|Mixed Platforms = Debug|Mixed Platforms
		Debug|x64 = Debug|x64
		Debug|x86 = Debug|x86
		Release|Any CPU = Release|Any CPU
		Release|Mixed Platforms = Release|Mixed Platforms
		Release|x64 = Release|x64
		Release|x86 = Release|x86
	EndGlobalSection
	GlobalSection(ProjectConfigurationPlatforms) = postSolution
		{AD4B53AD-B28A-4E90-9483-D2F7C8E6D436}.Debug|Any CPU.ActiveCfg = Debug|Any CPU
		{AD4B53AD-B28A-4E90-9483-D2F7C8E6D436}.Debug|Any CPU.Build.0 = Debug|Any CPU
		{AD4B53AD-B28A-4E90-9483-D2F7C8E6D436}.Debug|Mixed Platforms.ActiveCfg = Debug|Any CPU
		{AD4B53AD-B28A-4E90-9483-D2F7C8E6D436}.Debug|Mixed Platforms.Build.0 = Debug|Any CPU
		{AD4B53AD-B28A-4E90-9483-D2F7C8E6D436}.Debug|x64.ActiveCfg = Debug|Any CPU
		{AD4B53AD-B28A-4E90-9483-D2F7C8E6D436}.Debug|x86.ActiveCfg = Debug|Any CPU
		{AD4B53AD-B28A-4E90-9483-D2F7C8E6D436}.Release|Any CPU.ActiveCfg = Release|Any CPU
		{AD4B53AD-B28A-4E90-9483-D2F7C8E6D436}.Release|Any CPU.Build.0 = Release|Any CPU
		{AD4B53AD-B28A-4E90-9483-D2F7C8E6D436}.Release|Mixed Platforms.ActiveCfg = Release|Any CPU
		{AD4B53AD-B28A-4E90-9483-D2F7C8E6D436}.Release|Mixed Platforms.Build.0 = Release|Any CPU
		{AD4B53AD-B28A-4E90-9483-D2F7C8E6D436}.Release|x64.ActiveCfg = Release|Any CPU
		{AD4B53AD-B28A-4E90-9483-D2F7C8E6D436}.Release|x86.ActiveCfg = Release|Any CPU
		{C1D17284-15C6-4CEC-AF35-D84CC8D5CCA0}.Debug|Any CPU.ActiveCfg = Debug|Any CPU
		{C1D17284-15C6-4CEC-AF35-D84CC8D5CCA0}.Debug|Any CPU.Build.0 = Debug|Any CPU
		{C1D17284-15C6-4CEC-AF35-D84CC8D5CCA0}.Debug|Mixed Platforms.ActiveCfg = Debug|Any CPU
		{C1D17284-15C6-4CEC-AF35-D84CC8D5CCA0}.Debug|Mixed Platforms.Build.0 = Debug|Any CPU
		{C1D17284-15C6-4CEC-AF35-D84CC8D5CCA0}.Debug|x64.ActiveCfg = Debug|Any CPU
		{C1D17284-15C6-4CEC-AF35-D84CC8D5CCA0}.Debug|x86.ActiveCfg = Debug|Any CPU
		{C1D17284-15C6-4CEC-AF35-D84CC8D5CCA0}.Release|Any CPU.ActiveCfg = Release|Any CPU
		{C1D17284-15C6-4CEC-AF35-D84CC8D5CCA0}.Release|Any CPU.Build.0 = Release|Any CPU
		{C1D17284-15C6-4CEC-AF35-D84CC8D5CCA0}.Release|Mixed Platforms.ActiveCfg = Release|Any CPU
		{C1D17284-15C6-4CEC-AF35-D84CC8D5CCA0}.Release|Mixed Platforms.Build.0 = Release|Any CPU
		{C1D17284-15C6-4CEC-AF35-D84CC8D5CCA0}.Release|x64.ActiveCfg = Release|Any CPU
		{C1D17284-15C6-4CEC-AF35-D84CC8D5CCA0}.Release|x86.ActiveCfg = Release|Any CPU
		{8485D1C5-BFFF-4A48-AD8E-224CBA161265}.Debug|Any CPU.ActiveCfg = Debug|Any CPU
		{8485D1C5-BFFF-4A48-AD8E-224CBA161265}.Debug|Any CPU.Build.0 = Debug|Any CPU
		{8485D1C5-BFFF-4A48-AD8E-224CBA161265}.Debug|Mixed Platforms.ActiveCfg = Debug|Any CPU
		{8485D1C5-BFFF-4A48-AD8E-224CBA161265}.Debug|Mixed Platforms.Build.0 = Debug|Any CPU
		{8485D1C5-BFFF-4A48-AD8E-224CBA161265}.Debug|x64.ActiveCfg = Debug|Any CPU
		{8485D1C5-BFFF-4A48-AD8E-224CBA161265}.Debug|x86.ActiveCfg = Debug|Any CPU
		{8485D1C5-BFFF-4A48-AD8E-224CBA161265}.Release|Any CPU.ActiveCfg = Release|Any CPU
		{8485D1C5-BFFF-4A48-AD8E-224CBA161265}.Release|Any CPU.Build.0 = Release|Any CPU
		{8485D1C5-BFFF-4A48-AD8E-224CBA161265}.Release|Mixed Platforms.ActiveCfg = Release|Any CPU
		{8485D1C5-BFFF-4A48-AD8E-224CBA161265}.Release|Mixed Platforms.Build.0 = Release|Any CPU
		{8485D1C5-BFFF-4A48-AD8E-224CBA161265}.Release|x64.ActiveCfg = Release|Any CPU
		{8485D1C5-BFFF-4A48-AD8E-224CBA161265}.Release|x86.ActiveCfg = Release|Any CPU
		{C556C7D8-704C-47C8-BC45-F4DCB79704D7}.Debug|Any CPU.ActiveCfg = Debug|Any CPU
		{C556C7D8-704C-47C8-BC45-F4DCB79704D7}.Debug|Any CPU.Build.0 = Debug|Any CPU
		{C556C7D8-704C-47C8-BC45-F4DCB79704D7}.Debug|Mixed Platforms.ActiveCfg = Debug|Any CPU
		{C556C7D8-704C-47C8-BC45-F4DCB79704D7}.Debug|Mixed Platforms.Build.0 = Debug|Any CPU
		{C556C7D8-704C-47C8-BC45-F4DCB79704D7}.Debug|x64.ActiveCfg = Debug|Any CPU
		{C556C7D8-704C-47C8-BC45-F4DCB79704D7}.Debug|x86.ActiveCfg = Debug|Any CPU
		{C556C7D8-704C-47C8-BC45-F4DCB79704D7}.Release|Any CPU.ActiveCfg = Release|Any CPU
		{C556C7D8-704C-47C8-BC45-F4DCB79704D7}.Release|Any CPU.Build.0 = Release|Any CPU
		{C556C7D8-704C-47C8-BC45-F4DCB79704D7}.Release|Mixed Platforms.ActiveCfg = Release|Any CPU
		{C556C7D8-704C-47C8-BC45-F4DCB79704D7}.Release|Mixed Platforms.Build.0 = Release|Any CPU
		{C556C7D8-704C-47C8-BC45-F4DCB79704D7}.Release|x64.ActiveCfg = Release|Any CPU
		{C556C7D8-704C-47C8-BC45-F4DCB79704D7}.Release|x86.ActiveCfg = Release|Any CPU
		{846562A5-F415-431E-952C-F47EC038AF9D}.Debug|Any CPU.ActiveCfg = Debug|x86
		{846562A5-F415-431E-952C-F47EC038AF9D}.Debug|Mixed Platforms.ActiveCfg = Debug|x86
		{846562A5-F415-431E-952C-F47EC038AF9D}.Debug|Mixed Platforms.Build.0 = Debug|x86
		{846562A5-F415-431E-952C-F47EC038AF9D}.Debug|x64.ActiveCfg = Debug|x86
		{846562A5-F415-431E-952C-F47EC038AF9D}.Debug|x86.ActiveCfg = Debug|x86
		{846562A5-F415-431E-952C-F47EC038AF9D}.Debug|x86.Build.0 = Debug|x86
		{846562A5-F415-431E-952C-F47EC038AF9D}.Release|Any CPU.ActiveCfg = Release|x86
		{846562A5-F415-431E-952C-F47EC038AF9D}.Release|Mixed Platforms.ActiveCfg = Release|x86
		{846562A5-F415-431E-952C-F47EC038AF9D}.Release|Mixed Platforms.Build.0 = Release|x86
		{846562A5-F415-431E-952C-F47EC038AF9D}.Release|x64.ActiveCfg = Release|x86
		{846562A5-F415-431E-952C-F47EC038AF9D}.Release|x86.ActiveCfg = Release|x86
		{846562A5-F415-431E-952C-F47EC038AF9D}.Release|x86.Build.0 = Release|x86
	EndGlobalSection
	GlobalSection(SolutionProperties) = preSolution
		HideSolutionNode = FALSE
	EndGlobalSection
	GlobalSection(NestedProjects) = preSolution
		{AD4B53AD-B28A-4E90-9483-D2F7C8E6D436} = {7BCE4B57-8DB3-4738-8B39-6B43CD4DF5C2}
		{C1D17284-15C6-4CEC-AF35-D84CC8D5CCA0} = {7BCE4B57-8DB3-4738-8B39-6B43CD4DF5C2}
	EndGlobalSection
EndGlobal
