
Microsoft Visual Studio Solution File, Format Version 10.00
# Visual Studio 2008
Project("{FAE04EC0-301F-11D3-BF4B-00C04F79EFBC}") = "Services.ScheduleManagement", "ScheduleManagement\Services.ScheduleManagement.csproj", "{1A452E3A-9957-4B5A-B7AA-008F97E3359A}"
EndProject
Project("{FAE04EC0-301F-11D3-BF4B-00C04F79EFBC}") = "BusinessObjects", "..\Core\BusinessObjects\BusinessObjects.csproj", "{6E2451D8-DD5B-4B28-B84A-A652D539F8C0}"
EndProject
Project("{FAE04EC0-301F-11D3-BF4B-00C04F79EFBC}") = "Services.DataRetrieval", "DataRetrieval\Services.DataRetrieval.csproj", "{65DAED92-326B-401D-BF05-526C6BD5409C}"
EndProject
Project("{FAE04EC0-301F-11D3-BF4B-00C04F79EFBC}") = "Services.FileImport", "FileImport\Services.FileImport.csproj", "{7015CD2F-FC66-4549-B381-8B218A0D5159}"
EndProject
Project("{FAE04EC0-301F-11D3-BF4B-00C04F79EFBC}") = "Services.Google.Adwords", "Google.Adwords\Services.Google.Adwords.csproj", "{55FDA59A-B271-4A19-9ACE-94A81B5F9132}"
EndProject
Project("{FAE04EC0-301F-11D3-BF4B-00C04F79EFBC}") = "EdgeServiceHost", "..\Applications\EdgeServiceHost\EdgeServiceHost.csproj", "{C1D17284-15C6-4CEC-AF35-D84CC8D5CCA0}"
EndProject
Project("{FAE04EC0-301F-11D3-BF4B-00C04F79EFBC}") = "Services.BackOffice.Generic", "BackOffice.Generic\Services.BackOffice.Generic.csproj", "{95110030-552C-4CAC-9BFB-FC4845AFABE7}"
EndProject
Project("{FAE04EC0-301F-11D3-BF4B-00C04F79EFBC}") = "Services.Google.OrganicRankings", "Google.OrganicRankings\Services.Google.OrganicRankings.csproj", "{031B91DC-B939-44A3-9014-9839DB5844CC}"
EndProject
Project("{FAE04EC0-301F-11D3-BF4B-00C04F79EFBC}") = "Services.BackOffice.Babylon", "BackOffice.Babylon\Services.BackOffice.Babylon.csproj", "{771C2333-E9D4-427E-AC3B-6116A5561286}"
EndProject
Project("{FAE04EC0-301F-11D3-BF4B-00C04F79EFBC}") = "Services.XmlFilter", "Services.XmlFilter\Services.XmlFilter.csproj", "{25A4BA1A-82B4-4930-9A72-6BA892E7AB1E}"
EndProject
Project("{FAE04EC0-301F-11D3-BF4B-00C04F79EFBC}") = "Services.Messaging", "Services.Messaging\Services.Messaging.csproj", "{EDE44F98-8B4C-47CE-92E8-5A16103200CA}"
EndProject
Project("{FAE04EC0-301F-11D3-BF4B-00C04F79EFBC}") = "Services.EdgeMessenger", "Services.EdgeMessenger\Services.EdgeMessenger.csproj", "{33F40FD2-E0D5-4E11-95CB-065FF68DCE0A}"
EndProject
Project("{FAE04EC0-301F-11D3-BF4B-00C04F79EFBC}") = "Core", "..\Core\Core\Core.csproj", "{AD4B53AD-B28A-4E90-9483-D2F7C8E6D436}"
EndProject
Project("{FAE04EC0-301F-11D3-BF4B-00C04F79EFBC}") = "Services.DemoService", "Services.DemoService\Services.DemoService.csproj", "{A6BBD648-D98C-47E1-8FA9-E0553D99068A}"
EndProject
Project("{FAE04EC0-301F-11D3-BF4B-00C04F79EFBC}") = "Services.StatusManager", "Services.StatusManager\Services.StatusManager.csproj", "{E46EFEA0-AC7A-4667-A49D-CAB9C8EA1D0D}"
EndProject
Project("{2150E333-8FDC-42A3-9474-1A3956D46DE8}") = "Base", "Base", "{80FB6831-6CE1-469D-BD63-6311012ECAC6}"
EndProject
Project("{2150E333-8FDC-42A3-9474-1A3956D46DE8}") = "Services", "Services", "{2DD0446D-19E6-4FDE-8BE6-A933A408B57C}"
EndProject
Project("{FAE04EC0-301F-11D3-BF4B-00C04F79EFBC}") = "Services.BackOffice.EasyForex", "BackOffice.EasyForex\Services.BackOffice.EasyForex.csproj", "{4EEC3558-98EC-4C68-9CD2-18BC25295BF5}"
EndProject
Project("{FAE04EC0-301F-11D3-BF4B-00C04F79EFBC}") = "Services.Importer", "Importer\Services.Importer.csproj", "{8E20A16D-BC1D-4218-BE30-A9BEA484A780}"
EndProject
Project("{FAE04EC0-301F-11D3-BF4B-00C04F79EFBC}") = "Services.Microsoft.Bing.OrganicRankings", "Microsoft.Bing.OrganicRankings\Services.Microsoft.Bing.OrganicRankings.csproj", "{3E0F47A0-61CF-485F-BD2A-897A25D6F601}"
EndProject
Project("{FAE04EC0-301F-11D3-BF4B-00C04F79EFBC}") = "Services.Google.Analytics", "Services.Google.Analytics\Services.Google.Analytics.csproj", "{7B211CFF-583D-49C8-A10B-0734F2EEC523}"
EndProject
Project("{FAE04EC0-301F-11D3-BF4B-00C04F79EFBC}") = "Services.Facebook", "Services.Facebook\Services.Facebook.csproj", "{AF533D46-A3EB-4BA3-9732-5270CE28FAD2}"
EndProject
Project("{FAE04EC0-301F-11D3-BF4B-00C04F79EFBC}") = "Services.Yahoo.OrganicRankings", "Yahoo.OrganicRankings\Services.Yahoo.OrganicRankings.csproj", "{A292072E-0AC7-4FF6-885D-2F82C329EB90}"
EndProject
Project("{FAE04EC0-301F-11D3-BF4B-00C04F79EFBC}") = "Services.Yahoo.Panama", "Yahoo.Panama\Services.Yahoo.Panama.csproj", "{CCEBCDCD-761C-41F4-B45D-5CCAEABFF5F1}"
EndProject
Project("{2150E333-8FDC-42A3-9474-1A3956D46DE8}") = "Organic", "Organic", "{61D24343-AB63-4C14-8250-D02B20D5D16E}"
EndProject
Project("{2150E333-8FDC-42A3-9474-1A3956D46DE8}") = "BackOffice", "BackOffice", "{127C485F-50E8-42FA-B6E8-1F2DA5093774}"
EndProject
Project("{2150E333-8FDC-42A3-9474-1A3956D46DE8}") = "Messaging", "Messaging", "{977AD753-0A4A-4E73-BD1F-089C5274FE03}"
EndProject
Project("{2150E333-8FDC-42A3-9474-1A3956D46DE8}") = "Import", "Import", "{5FE6904A-BFB8-4EFC-B018-6172ED070A2F}"
EndProject
Project("{2150E333-8FDC-42A3-9474-1A3956D46DE8}") = "Google", "Google", "{0FF79382-D361-4F56-8051-1C4C1E59503F}"
EndProject
Project("{FAE04EC0-301F-11D3-BF4B-00C04F79EFBC}") = "Data.Pipeline", "..\Core\Data.Pipeline\Data.Pipeline.csproj", "{53391A99-E8CA-4262-A8E0-5F05A1CC6608}"
EndProject
Global
	GlobalSection(SubversionScc) = preSolution
		Svn-Managed = True
		Manager = AnkhSVN - Subversion Support for Visual Studio
	EndGlobalSection
	GlobalSection(SolutionConfigurationPlatforms) = preSolution
		Debug|Any CPU = Debug|Any CPU
		Release|Any CPU = Release|Any CPU
	EndGlobalSection
	GlobalSection(ProjectConfigurationPlatforms) = postSolution
		{1A452E3A-9957-4B5A-B7AA-008F97E3359A}.Debug|Any CPU.ActiveCfg = Debug|Any CPU
		{1A452E3A-9957-4B5A-B7AA-008F97E3359A}.Debug|Any CPU.Build.0 = Debug|Any CPU
		{1A452E3A-9957-4B5A-B7AA-008F97E3359A}.Release|Any CPU.ActiveCfg = Release|Any CPU
		{1A452E3A-9957-4B5A-B7AA-008F97E3359A}.Release|Any CPU.Build.0 = Release|Any CPU
		{6E2451D8-DD5B-4B28-B84A-A652D539F8C0}.Debug|Any CPU.ActiveCfg = Debug|Any CPU
		{6E2451D8-DD5B-4B28-B84A-A652D539F8C0}.Debug|Any CPU.Build.0 = Debug|Any CPU
		{6E2451D8-DD5B-4B28-B84A-A652D539F8C0}.Release|Any CPU.ActiveCfg = Release|Any CPU
		{6E2451D8-DD5B-4B28-B84A-A652D539F8C0}.Release|Any CPU.Build.0 = Release|Any CPU
		{65DAED92-326B-401D-BF05-526C6BD5409C}.Debug|Any CPU.ActiveCfg = Debug|Any CPU
		{65DAED92-326B-401D-BF05-526C6BD5409C}.Debug|Any CPU.Build.0 = Debug|Any CPU
		{65DAED92-326B-401D-BF05-526C6BD5409C}.Release|Any CPU.ActiveCfg = Release|Any CPU
		{65DAED92-326B-401D-BF05-526C6BD5409C}.Release|Any CPU.Build.0 = Release|Any CPU
		{7015CD2F-FC66-4549-B381-8B218A0D5159}.Debug|Any CPU.ActiveCfg = Debug|Any CPU
		{7015CD2F-FC66-4549-B381-8B218A0D5159}.Debug|Any CPU.Build.0 = Debug|Any CPU
		{7015CD2F-FC66-4549-B381-8B218A0D5159}.Release|Any CPU.ActiveCfg = Release|Any CPU
		{7015CD2F-FC66-4549-B381-8B218A0D5159}.Release|Any CPU.Build.0 = Release|Any CPU
		{55FDA59A-B271-4A19-9ACE-94A81B5F9132}.Debug|Any CPU.ActiveCfg = Debug|Any CPU
		{55FDA59A-B271-4A19-9ACE-94A81B5F9132}.Debug|Any CPU.Build.0 = Debug|Any CPU
		{55FDA59A-B271-4A19-9ACE-94A81B5F9132}.Release|Any CPU.ActiveCfg = Release|Any CPU
		{55FDA59A-B271-4A19-9ACE-94A81B5F9132}.Release|Any CPU.Build.0 = Release|Any CPU
		{C1D17284-15C6-4CEC-AF35-D84CC8D5CCA0}.Debug|Any CPU.ActiveCfg = Debug|Any CPU
		{C1D17284-15C6-4CEC-AF35-D84CC8D5CCA0}.Debug|Any CPU.Build.0 = Debug|Any CPU
		{C1D17284-15C6-4CEC-AF35-D84CC8D5CCA0}.Release|Any CPU.ActiveCfg = Release|Any CPU
		{C1D17284-15C6-4CEC-AF35-D84CC8D5CCA0}.Release|Any CPU.Build.0 = Release|Any CPU
		{95110030-552C-4CAC-9BFB-FC4845AFABE7}.Debug|Any CPU.ActiveCfg = Debug|Any CPU
		{95110030-552C-4CAC-9BFB-FC4845AFABE7}.Debug|Any CPU.Build.0 = Debug|Any CPU
		{95110030-552C-4CAC-9BFB-FC4845AFABE7}.Release|Any CPU.ActiveCfg = Release|Any CPU
		{95110030-552C-4CAC-9BFB-FC4845AFABE7}.Release|Any CPU.Build.0 = Release|Any CPU
		{031B91DC-B939-44A3-9014-9839DB5844CC}.Debug|Any CPU.ActiveCfg = Debug|Any CPU
		{031B91DC-B939-44A3-9014-9839DB5844CC}.Debug|Any CPU.Build.0 = Debug|Any CPU
		{031B91DC-B939-44A3-9014-9839DB5844CC}.Release|Any CPU.ActiveCfg = Release|Any CPU
		{031B91DC-B939-44A3-9014-9839DB5844CC}.Release|Any CPU.Build.0 = Release|Any CPU
		{771C2333-E9D4-427E-AC3B-6116A5561286}.Debug|Any CPU.ActiveCfg = Debug|Any CPU
		{771C2333-E9D4-427E-AC3B-6116A5561286}.Debug|Any CPU.Build.0 = Debug|Any CPU
		{771C2333-E9D4-427E-AC3B-6116A5561286}.Release|Any CPU.ActiveCfg = Release|Any CPU
		{771C2333-E9D4-427E-AC3B-6116A5561286}.Release|Any CPU.Build.0 = Release|Any CPU
		{25A4BA1A-82B4-4930-9A72-6BA892E7AB1E}.Debug|Any CPU.ActiveCfg = Debug|Any CPU
		{25A4BA1A-82B4-4930-9A72-6BA892E7AB1E}.Debug|Any CPU.Build.0 = Debug|Any CPU
		{25A4BA1A-82B4-4930-9A72-6BA892E7AB1E}.Release|Any CPU.ActiveCfg = Release|Any CPU
		{25A4BA1A-82B4-4930-9A72-6BA892E7AB1E}.Release|Any CPU.Build.0 = Release|Any CPU
		{EDE44F98-8B4C-47CE-92E8-5A16103200CA}.Debug|Any CPU.ActiveCfg = Debug|Any CPU
		{EDE44F98-8B4C-47CE-92E8-5A16103200CA}.Debug|Any CPU.Build.0 = Debug|Any CPU
		{EDE44F98-8B4C-47CE-92E8-5A16103200CA}.Release|Any CPU.ActiveCfg = Release|Any CPU
		{EDE44F98-8B4C-47CE-92E8-5A16103200CA}.Release|Any CPU.Build.0 = Release|Any CPU
		{33F40FD2-E0D5-4E11-95CB-065FF68DCE0A}.Debug|Any CPU.ActiveCfg = Debug|Any CPU
		{33F40FD2-E0D5-4E11-95CB-065FF68DCE0A}.Debug|Any CPU.Build.0 = Debug|Any CPU
		{33F40FD2-E0D5-4E11-95CB-065FF68DCE0A}.Release|Any CPU.ActiveCfg = Release|Any CPU
		{33F40FD2-E0D5-4E11-95CB-065FF68DCE0A}.Release|Any CPU.Build.0 = Release|Any CPU
		{AD4B53AD-B28A-4E90-9483-D2F7C8E6D436}.Debug|Any CPU.ActiveCfg = Debug|Any CPU
		{AD4B53AD-B28A-4E90-9483-D2F7C8E6D436}.Debug|Any CPU.Build.0 = Debug|Any CPU
		{AD4B53AD-B28A-4E90-9483-D2F7C8E6D436}.Release|Any CPU.ActiveCfg = Release|Any CPU
		{AD4B53AD-B28A-4E90-9483-D2F7C8E6D436}.Release|Any CPU.Build.0 = Release|Any CPU
		{A6BBD648-D98C-47E1-8FA9-E0553D99068A}.Debug|Any CPU.ActiveCfg = Debug|Any CPU
		{A6BBD648-D98C-47E1-8FA9-E0553D99068A}.Debug|Any CPU.Build.0 = Debug|Any CPU
		{A6BBD648-D98C-47E1-8FA9-E0553D99068A}.Release|Any CPU.ActiveCfg = Release|Any CPU
		{A6BBD648-D98C-47E1-8FA9-E0553D99068A}.Release|Any CPU.Build.0 = Release|Any CPU
		{E46EFEA0-AC7A-4667-A49D-CAB9C8EA1D0D}.Debug|Any CPU.ActiveCfg = Debug|Any CPU
		{E46EFEA0-AC7A-4667-A49D-CAB9C8EA1D0D}.Debug|Any CPU.Build.0 = Debug|Any CPU
		{E46EFEA0-AC7A-4667-A49D-CAB9C8EA1D0D}.Release|Any CPU.ActiveCfg = Release|Any CPU
		{E46EFEA0-AC7A-4667-A49D-CAB9C8EA1D0D}.Release|Any CPU.Build.0 = Release|Any CPU
		{4EEC3558-98EC-4C68-9CD2-18BC25295BF5}.Debug|Any CPU.ActiveCfg = Debug|Any CPU
		{4EEC3558-98EC-4C68-9CD2-18BC25295BF5}.Debug|Any CPU.Build.0 = Debug|Any CPU
		{4EEC3558-98EC-4C68-9CD2-18BC25295BF5}.Release|Any CPU.ActiveCfg = Release|Any CPU
		{4EEC3558-98EC-4C68-9CD2-18BC25295BF5}.Release|Any CPU.Build.0 = Release|Any CPU
		{8E20A16D-BC1D-4218-BE30-A9BEA484A780}.Debug|Any CPU.ActiveCfg = Debug|Any CPU
		{8E20A16D-BC1D-4218-BE30-A9BEA484A780}.Debug|Any CPU.Build.0 = Debug|Any CPU
		{8E20A16D-BC1D-4218-BE30-A9BEA484A780}.Release|Any CPU.ActiveCfg = Release|Any CPU
		{8E20A16D-BC1D-4218-BE30-A9BEA484A780}.Release|Any CPU.Build.0 = Release|Any CPU
		{3E0F47A0-61CF-485F-BD2A-897A25D6F601}.Debug|Any CPU.ActiveCfg = Debug|Any CPU
		{3E0F47A0-61CF-485F-BD2A-897A25D6F601}.Debug|Any CPU.Build.0 = Debug|Any CPU
		{3E0F47A0-61CF-485F-BD2A-897A25D6F601}.Release|Any CPU.ActiveCfg = Release|Any CPU
		{3E0F47A0-61CF-485F-BD2A-897A25D6F601}.Release|Any CPU.Build.0 = Release|Any CPU
		{7B211CFF-583D-49C8-A10B-0734F2EEC523}.Debug|Any CPU.ActiveCfg = Debug|Any CPU
		{7B211CFF-583D-49C8-A10B-0734F2EEC523}.Debug|Any CPU.Build.0 = Debug|Any CPU
		{7B211CFF-583D-49C8-A10B-0734F2EEC523}.Release|Any CPU.ActiveCfg = Release|Any CPU
		{7B211CFF-583D-49C8-A10B-0734F2EEC523}.Release|Any CPU.Build.0 = Release|Any CPU
		{AF533D46-A3EB-4BA3-9732-5270CE28FAD2}.Debug|Any CPU.ActiveCfg = Debug|Any CPU
		{AF533D46-A3EB-4BA3-9732-5270CE28FAD2}.Debug|Any CPU.Build.0 = Debug|Any CPU
		{AF533D46-A3EB-4BA3-9732-5270CE28FAD2}.Release|Any CPU.ActiveCfg = Release|Any CPU
		{AF533D46-A3EB-4BA3-9732-5270CE28FAD2}.Release|Any CPU.Build.0 = Release|Any CPU
		{A292072E-0AC7-4FF6-885D-2F82C329EB90}.Debug|Any CPU.ActiveCfg = Debug|Any CPU
		{A292072E-0AC7-4FF6-885D-2F82C329EB90}.Debug|Any CPU.Build.0 = Debug|Any CPU
		{A292072E-0AC7-4FF6-885D-2F82C329EB90}.Release|Any CPU.ActiveCfg = Release|Any CPU
		{A292072E-0AC7-4FF6-885D-2F82C329EB90}.Release|Any CPU.Build.0 = Release|Any CPU
		{CCEBCDCD-761C-41F4-B45D-5CCAEABFF5F1}.Debug|Any CPU.ActiveCfg = Debug|Any CPU
		{CCEBCDCD-761C-41F4-B45D-5CCAEABFF5F1}.Debug|Any CPU.Build.0 = Debug|Any CPU
		{CCEBCDCD-761C-41F4-B45D-5CCAEABFF5F1}.Release|Any CPU.ActiveCfg = Release|Any CPU
		{CCEBCDCD-761C-41F4-B45D-5CCAEABFF5F1}.Release|Any CPU.Build.0 = Release|Any CPU
		{53391A99-E8CA-4262-A8E0-5F05A1CC6608}.Debug|Any CPU.ActiveCfg = Debug|Any CPU
		{53391A99-E8CA-4262-A8E0-5F05A1CC6608}.Debug|Any CPU.Build.0 = Debug|Any CPU
		{53391A99-E8CA-4262-A8E0-5F05A1CC6608}.Release|Any CPU.ActiveCfg = Release|Any CPU
		{53391A99-E8CA-4262-A8E0-5F05A1CC6608}.Release|Any CPU.Build.0 = Release|Any CPU
	EndGlobalSection
	GlobalSection(SolutionProperties) = preSolution
		HideSolutionNode = FALSE
	EndGlobalSection
	GlobalSection(NestedProjects) = preSolution
		{6E2451D8-DD5B-4B28-B84A-A652D539F8C0} = {80FB6831-6CE1-469D-BD63-6311012ECAC6}
		{65DAED92-326B-401D-BF05-526C6BD5409C} = {80FB6831-6CE1-469D-BD63-6311012ECAC6}
		{C1D17284-15C6-4CEC-AF35-D84CC8D5CCA0} = {80FB6831-6CE1-469D-BD63-6311012ECAC6}
		{AD4B53AD-B28A-4E90-9483-D2F7C8E6D436} = {80FB6831-6CE1-469D-BD63-6311012ECAC6}
		{1A452E3A-9957-4B5A-B7AA-008F97E3359A} = {80FB6831-6CE1-469D-BD63-6311012ECAC6}
		{53391A99-E8CA-4262-A8E0-5F05A1CC6608} = {80FB6831-6CE1-469D-BD63-6311012ECAC6}
		{25A4BA1A-82B4-4930-9A72-6BA892E7AB1E} = {2DD0446D-19E6-4FDE-8BE6-A933A408B57C}
		{A6BBD648-D98C-47E1-8FA9-E0553D99068A} = {2DD0446D-19E6-4FDE-8BE6-A933A408B57C}
		{AF533D46-A3EB-4BA3-9732-5270CE28FAD2} = {2DD0446D-19E6-4FDE-8BE6-A933A408B57C}
		{CCEBCDCD-761C-41F4-B45D-5CCAEABFF5F1} = {2DD0446D-19E6-4FDE-8BE6-A933A408B57C}
		{61D24343-AB63-4C14-8250-D02B20D5D16E} = {2DD0446D-19E6-4FDE-8BE6-A933A408B57C}
		{127C485F-50E8-42FA-B6E8-1F2DA5093774} = {2DD0446D-19E6-4FDE-8BE6-A933A408B57C}
		{977AD753-0A4A-4E73-BD1F-089C5274FE03} = {2DD0446D-19E6-4FDE-8BE6-A933A408B57C}
		{5FE6904A-BFB8-4EFC-B018-6172ED070A2F} = {2DD0446D-19E6-4FDE-8BE6-A933A408B57C}
		{0FF79382-D361-4F56-8051-1C4C1E59503F} = {2DD0446D-19E6-4FDE-8BE6-A933A408B57C}
		{031B91DC-B939-44A3-9014-9839DB5844CC} = {61D24343-AB63-4C14-8250-D02B20D5D16E}
		{3E0F47A0-61CF-485F-BD2A-897A25D6F601} = {61D24343-AB63-4C14-8250-D02B20D5D16E}
		{A292072E-0AC7-4FF6-885D-2F82C329EB90} = {61D24343-AB63-4C14-8250-D02B20D5D16E}
		{771C2333-E9D4-427E-AC3B-6116A5561286} = {127C485F-50E8-42FA-B6E8-1F2DA5093774}
		{95110030-552C-4CAC-9BFB-FC4845AFABE7} = {127C485F-50E8-42FA-B6E8-1F2DA5093774}
		{4EEC3558-98EC-4C68-9CD2-18BC25295BF5} = {127C485F-50E8-42FA-B6E8-1F2DA5093774}
		{33F40FD2-E0D5-4E11-95CB-065FF68DCE0A} = {977AD753-0A4A-4E73-BD1F-089C5274FE03}
		{EDE44F98-8B4C-47CE-92E8-5A16103200CA} = {977AD753-0A4A-4E73-BD1F-089C5274FE03}
		{8E20A16D-BC1D-4218-BE30-A9BEA484A780} = {5FE6904A-BFB8-4EFC-B018-6172ED070A2F}
		{7015CD2F-FC66-4549-B381-8B218A0D5159} = {5FE6904A-BFB8-4EFC-B018-6172ED070A2F}
		{7B211CFF-583D-49C8-A10B-0734F2EEC523} = {0FF79382-D361-4F56-8051-1C4C1E59503F}
		{55FDA59A-B271-4A19-9ACE-94A81B5F9132} = {0FF79382-D361-4F56-8051-1C4C1E59503F}
		{E46EFEA0-AC7A-4667-A49D-CAB9C8EA1D0D} = {0FF79382-D361-4F56-8051-1C4C1E59503F}
	EndGlobalSection
EndGlobal
