
Microsoft Visual Studio Solution File, Format Version 11.00
# Visual Studio 2010
Project("{FAE04EC0-301F-11D3-BF4B-00C04F79EFBC}") = "EdgeApiRest", "EdgeApiRest\EdgeApiRest.csproj", "{15C720A8-FC62-4E04-9491-F5648F4970FB}"
EndProject
Project("{FAE04EC0-301F-11D3-BF4B-00C04F79EFBC}") = "NewRestApiTester", "NewRestApiTester\NewRestApiTester.csproj", "{BBE71D21-ABB9-4675-898F-1106FE175221}"
EndProject
Project("{FAE04EC0-301F-11D3-BF4B-00C04F79EFBC}") = "EdgeBI.Objects", "EdgeBi.Objects\EdgeBI.Objects.csproj", "{AA37E9C3-5121-4731-BB13-7C79FFEA28AE}"
EndProject
Global
	GlobalSection(SolutionConfigurationPlatforms) = preSolution
		Debug|Any CPU = Debug|Any CPU
		Debug|Mixed Platforms = Debug|Mixed Platforms
		Debug|x86 = Debug|x86
		Release|Any CPU = Release|Any CPU
		Release|Mixed Platforms = Release|Mixed Platforms
		Release|x86 = Release|x86
	EndGlobalSection
	GlobalSection(ProjectConfigurationPlatforms) = postSolution
		{15C720A8-FC62-4E04-9491-F5648F4970FB}.Debug|Any CPU.ActiveCfg = Debug|Any CPU
		{15C720A8-FC62-4E04-9491-F5648F4970FB}.Debug|Any CPU.Build.0 = Debug|Any CPU
		{15C720A8-FC62-4E04-9491-F5648F4970FB}.Debug|Mixed Platforms.ActiveCfg = Debug|Any CPU
		{15C720A8-FC62-4E04-9491-F5648F4970FB}.Debug|Mixed Platforms.Build.0 = Debug|Any CPU
		{15C720A8-FC62-4E04-9491-F5648F4970FB}.Debug|x86.ActiveCfg = Debug|Any CPU
		{15C720A8-FC62-4E04-9491-F5648F4970FB}.Release|Any CPU.ActiveCfg = Release|Any CPU
		{15C720A8-FC62-4E04-9491-F5648F4970FB}.Release|Any CPU.Build.0 = Release|Any CPU
		{15C720A8-FC62-4E04-9491-F5648F4970FB}.Release|Mixed Platforms.ActiveCfg = Release|Any CPU
		{15C720A8-FC62-4E04-9491-F5648F4970FB}.Release|Mixed Platforms.Build.0 = Release|Any CPU
		{15C720A8-FC62-4E04-9491-F5648F4970FB}.Release|x86.ActiveCfg = Release|Any CPU
		{BBE71D21-ABB9-4675-898F-1106FE175221}.Debug|Any CPU.ActiveCfg = Debug|x86
		{BBE71D21-ABB9-4675-898F-1106FE175221}.Debug|Mixed Platforms.ActiveCfg = Debug|x86
		{BBE71D21-ABB9-4675-898F-1106FE175221}.Debug|Mixed Platforms.Build.0 = Debug|x86
		{BBE71D21-ABB9-4675-898F-1106FE175221}.Debug|x86.ActiveCfg = Debug|x86
		{BBE71D21-ABB9-4675-898F-1106FE175221}.Debug|x86.Build.0 = Debug|x86
		{BBE71D21-ABB9-4675-898F-1106FE175221}.Release|Any CPU.ActiveCfg = Release|x86
		{BBE71D21-ABB9-4675-898F-1106FE175221}.Release|Mixed Platforms.ActiveCfg = Release|x86
		{BBE71D21-ABB9-4675-898F-1106FE175221}.Release|Mixed Platforms.Build.0 = Release|x86
		{BBE71D21-ABB9-4675-898F-1106FE175221}.Release|x86.ActiveCfg = Release|x86
		{BBE71D21-ABB9-4675-898F-1106FE175221}.Release|x86.Build.0 = Release|x86
		{AA37E9C3-5121-4731-BB13-7C79FFEA28AE}.Debug|Any CPU.ActiveCfg = Debug|Any CPU
		{AA37E9C3-5121-4731-BB13-7C79FFEA28AE}.Debug|Any CPU.Build.0 = Debug|Any CPU
		{AA37E9C3-5121-4731-BB13-7C79FFEA28AE}.Debug|Mixed Platforms.ActiveCfg = Debug|Any CPU
		{AA37E9C3-5121-4731-BB13-7C79FFEA28AE}.Debug|Mixed Platforms.Build.0 = Debug|Any CPU
		{AA37E9C3-5121-4731-BB13-7C79FFEA28AE}.Debug|x86.ActiveCfg = Debug|Any CPU
		{AA37E9C3-5121-4731-BB13-7C79FFEA28AE}.Release|Any CPU.ActiveCfg = Release|Any CPU
		{AA37E9C3-5121-4731-BB13-7C79FFEA28AE}.Release|Any CPU.Build.0 = Release|Any CPU
		{AA37E9C3-5121-4731-BB13-7C79FFEA28AE}.Release|Mixed Platforms.ActiveCfg = Release|Any CPU
		{AA37E9C3-5121-4731-BB13-7C79FFEA28AE}.Release|Mixed Platforms.Build.0 = Release|Any CPU
		{AA37E9C3-5121-4731-BB13-7C79FFEA28AE}.Release|x86.ActiveCfg = Release|Any CPU
	EndGlobalSection
	GlobalSection(SolutionProperties) = preSolution
		HideSolutionNode = FALSE
	EndGlobalSection
EndGlobal
