
Microsoft Visual Studio Solution File, Format Version 10.00
# Visual Studio 2008
Project("{FAE04EC0-301F-11D3-BF4B-00C04F79EFBC}") = "UI.Client", "Client\UI.Client.csproj", "{7E36867C-423B-4C81-98DA-1BC9F31BD2FE}"
	ProjectSection(ProjectDependencies) = postProject
		{71264783-6865-4525-B43D-C04A4D996E94} = {71264783-6865-4525-B43D-C04A4D996E94}
	EndProjectSection
EndProject
Project("{FAE04EC0-301F-11D3-BF4B-00C04F79EFBC}") = "UI.Server", "Server\UI.Server.csproj", "{71264783-6865-4525-B43D-C04A4D996E94}"
EndProject
Project("{FAE04EC0-301F-11D3-BF4B-00C04F79EFBC}") = "UI.Data", "Data\UI.Data.csproj", "{AC9C4389-97C8-47B9-84F3-E5E4E32C5E73}"
EndProject
Project("{FAE04EC0-301F-11D3-BF4B-00C04F79EFBC}") = "Core", "..\..\Core\Core\Core.csproj", "{AD4B53AD-B28A-4E90-9483-D2F7C8E6D436}"
EndProject
Project("{FAE04EC0-301F-11D3-BF4B-00C04F79EFBC}") = "BusinessObjects", "..\..\Core\BusinessObjects\BusinessObjects.csproj", "{6E2451D8-DD5B-4B28-B84A-A652D539F8C0}"
EndProject
Project("{FAE04EC0-301F-11D3-BF4B-00C04F79EFBC}") = "Services.DataRetrieval", "..\..\Services\DataRetrieval\Services.DataRetrieval.csproj", "{65DAED92-326B-401D-BF05-526C6BD5409C}"
EndProject
Project("{FAE04EC0-301F-11D3-BF4B-00C04F79EFBC}") = "UI.WebPages", "WebPages\UI.WebPages.csproj", "{EFE6B61F-5B04-4890-B0E8-B4C4265297A7}"
EndProject
Project("{2150E333-8FDC-42A3-9474-1A3956D46DE8}") = "Core", "Core", "{C542B4FA-FF93-4784-8205-62D7160AE763}"
EndProject
Project("{2150E333-8FDC-42A3-9474-1A3956D46DE8}") = "Deployment", "Deployment", "{E5BDE7F2-0C8D-4CCA-8830-09F32E2D5652}"
EndProject
Project("{FAE04EC0-301F-11D3-BF4B-00C04F79EFBC}") = "UI.Deployment.Certificates", "Deployment\Certificates\UI.Deployment.Certificates.csproj", "{08730AF4-DE67-41B0-BCB1-3483D25E71D1}"
EndProject
Global
	GlobalSection(SolutionConfigurationPlatforms) = preSolution
		Debug|Any CPU = Debug|Any CPU
		Demo|Any CPU = Demo|Any CPU
		Production|Any CPU = Production|Any CPU
	EndGlobalSection
	GlobalSection(ProjectConfigurationPlatforms) = postSolution
		{7E36867C-423B-4C81-98DA-1BC9F31BD2FE}.Debug|Any CPU.ActiveCfg = Debug|Any CPU
		{7E36867C-423B-4C81-98DA-1BC9F31BD2FE}.Debug|Any CPU.Build.0 = Debug|Any CPU
		{7E36867C-423B-4C81-98DA-1BC9F31BD2FE}.Demo|Any CPU.ActiveCfg = Demo|Any CPU
		{7E36867C-423B-4C81-98DA-1BC9F31BD2FE}.Demo|Any CPU.Build.0 = Demo|Any CPU
		{7E36867C-423B-4C81-98DA-1BC9F31BD2FE}.Production|Any CPU.ActiveCfg = Production|Any CPU
		{7E36867C-423B-4C81-98DA-1BC9F31BD2FE}.Production|Any CPU.Build.0 = Production|Any CPU
		{71264783-6865-4525-B43D-C04A4D996E94}.Debug|Any CPU.ActiveCfg = Debug|Any CPU
		{71264783-6865-4525-B43D-C04A4D996E94}.Debug|Any CPU.Build.0 = Debug|Any CPU
		{71264783-6865-4525-B43D-C04A4D996E94}.Demo|Any CPU.ActiveCfg = Demo|Any CPU
		{71264783-6865-4525-B43D-C04A4D996E94}.Demo|Any CPU.Build.0 = Demo|Any CPU
		{71264783-6865-4525-B43D-C04A4D996E94}.Production|Any CPU.ActiveCfg = Production|Any CPU
		{71264783-6865-4525-B43D-C04A4D996E94}.Production|Any CPU.Build.0 = Production|Any CPU
		{AC9C4389-97C8-47B9-84F3-E5E4E32C5E73}.Debug|Any CPU.ActiveCfg = Debug|Any CPU
		{AC9C4389-97C8-47B9-84F3-E5E4E32C5E73}.Debug|Any CPU.Build.0 = Debug|Any CPU
		{AC9C4389-97C8-47B9-84F3-E5E4E32C5E73}.Demo|Any CPU.ActiveCfg = Release|Any CPU
		{AC9C4389-97C8-47B9-84F3-E5E4E32C5E73}.Demo|Any CPU.Build.0 = Release|Any CPU
		{AC9C4389-97C8-47B9-84F3-E5E4E32C5E73}.Production|Any CPU.ActiveCfg = Release|Any CPU
		{AC9C4389-97C8-47B9-84F3-E5E4E32C5E73}.Production|Any CPU.Build.0 = Release|Any CPU
		{AD4B53AD-B28A-4E90-9483-D2F7C8E6D436}.Debug|Any CPU.ActiveCfg = Debug|Any CPU
		{AD4B53AD-B28A-4E90-9483-D2F7C8E6D436}.Debug|Any CPU.Build.0 = Debug|Any CPU
		{AD4B53AD-B28A-4E90-9483-D2F7C8E6D436}.Demo|Any CPU.ActiveCfg = Release|Any CPU
		{AD4B53AD-B28A-4E90-9483-D2F7C8E6D436}.Demo|Any CPU.Build.0 = Release|Any CPU
		{AD4B53AD-B28A-4E90-9483-D2F7C8E6D436}.Production|Any CPU.ActiveCfg = Release|Any CPU
		{AD4B53AD-B28A-4E90-9483-D2F7C8E6D436}.Production|Any CPU.Build.0 = Release|Any CPU
		{6E2451D8-DD5B-4B28-B84A-A652D539F8C0}.Debug|Any CPU.ActiveCfg = Debug|Any CPU
		{6E2451D8-DD5B-4B28-B84A-A652D539F8C0}.Debug|Any CPU.Build.0 = Debug|Any CPU
		{6E2451D8-DD5B-4B28-B84A-A652D539F8C0}.Demo|Any CPU.ActiveCfg = Release|Any CPU
		{6E2451D8-DD5B-4B28-B84A-A652D539F8C0}.Demo|Any CPU.Build.0 = Release|Any CPU
		{6E2451D8-DD5B-4B28-B84A-A652D539F8C0}.Production|Any CPU.ActiveCfg = Release|Any CPU
		{6E2451D8-DD5B-4B28-B84A-A652D539F8C0}.Production|Any CPU.Build.0 = Release|Any CPU
		{65DAED92-326B-401D-BF05-526C6BD5409C}.Debug|Any CPU.ActiveCfg = Debug|Any CPU
		{65DAED92-326B-401D-BF05-526C6BD5409C}.Debug|Any CPU.Build.0 = Debug|Any CPU
		{65DAED92-326B-401D-BF05-526C6BD5409C}.Demo|Any CPU.ActiveCfg = Release|Any CPU
		{65DAED92-326B-401D-BF05-526C6BD5409C}.Demo|Any CPU.Build.0 = Release|Any CPU
		{65DAED92-326B-401D-BF05-526C6BD5409C}.Production|Any CPU.ActiveCfg = Release|Any CPU
		{65DAED92-326B-401D-BF05-526C6BD5409C}.Production|Any CPU.Build.0 = Release|Any CPU
		{EFE6B61F-5B04-4890-B0E8-B4C4265297A7}.Debug|Any CPU.ActiveCfg = Debug|Any CPU
		{EFE6B61F-5B04-4890-B0E8-B4C4265297A7}.Debug|Any CPU.Build.0 = Debug|Any CPU
		{EFE6B61F-5B04-4890-B0E8-B4C4265297A7}.Demo|Any CPU.ActiveCfg = Release|Any CPU
		{EFE6B61F-5B04-4890-B0E8-B4C4265297A7}.Demo|Any CPU.Build.0 = Release|Any CPU
		{EFE6B61F-5B04-4890-B0E8-B4C4265297A7}.Production|Any CPU.ActiveCfg = Release|Any CPU
		{EFE6B61F-5B04-4890-B0E8-B4C4265297A7}.Production|Any CPU.Build.0 = Release|Any CPU
		{08730AF4-DE67-41B0-BCB1-3483D25E71D1}.Debug|Any CPU.ActiveCfg = Debug|Any CPU
		{08730AF4-DE67-41B0-BCB1-3483D25E71D1}.Debug|Any CPU.Build.0 = Debug|Any CPU
		{08730AF4-DE67-41B0-BCB1-3483D25E71D1}.Demo|Any CPU.ActiveCfg = Release|Any CPU
		{08730AF4-DE67-41B0-BCB1-3483D25E71D1}.Demo|Any CPU.Build.0 = Release|Any CPU
		{08730AF4-DE67-41B0-BCB1-3483D25E71D1}.Production|Any CPU.ActiveCfg = Release|Any CPU
		{08730AF4-DE67-41B0-BCB1-3483D25E71D1}.Production|Any CPU.Build.0 = Release|Any CPU
	EndGlobalSection
	GlobalSection(SolutionProperties) = preSolution
		HideSolutionNode = FALSE
	EndGlobalSection
	GlobalSection(NestedProjects) = preSolution
		{6E2451D8-DD5B-4B28-B84A-A652D539F8C0} = {C542B4FA-FF93-4784-8205-62D7160AE763}
		{65DAED92-326B-401D-BF05-526C6BD5409C} = {C542B4FA-FF93-4784-8205-62D7160AE763}
		{AD4B53AD-B28A-4E90-9483-D2F7C8E6D436} = {C542B4FA-FF93-4784-8205-62D7160AE763}
		{08730AF4-DE67-41B0-BCB1-3483D25E71D1} = {E5BDE7F2-0C8D-4CCA-8830-09F32E2D5652}
	EndGlobalSection
EndGlobal
